
Microsoft Visual Studio Solution File, Format Version 12.00
# Visual Studio 15
VisualStudioVersion = 15.0.28307.757
MinimumVisualStudioVersion = 10.0.40219.1
Project("{FAE04EC0-301F-11D3-BF4B-00C04F79EFBC}") = "HL7XML", "HL7XML\HL7XML.csproj", "{DC2A94A1-83DE-41F5-833A-9E1D832602E4}"
EndProject
Global
	GlobalSection(SolutionConfigurationPlatforms) = preSolution
		Debug|Any CPU = Debug|Any CPU
		Release|Any CPU = Release|Any CPU
	EndGlobalSection
	GlobalSection(ProjectConfigurationPlatforms) = postSolution
		{DC2A94A1-83DE-41F5-833A-9E1D832602E4}.Debug|Any CPU.ActiveCfg = Debug|Any CPU
		{DC2A94A1-83DE-41F5-833A-9E1D832602E4}.Debug|Any CPU.Build.0 = Debug|Any CPU
		{DC2A94A1-83DE-41F5-833A-9E1D832602E4}.Release|Any CPU.ActiveCfg = Release|Any CPU
		{DC2A94A1-83DE-41F5-833A-9E1D832602E4}.Release|Any CPU.Build.0 = Release|Any CPU
	EndGlobalSection
	GlobalSection(SolutionProperties) = preSolution
		HideSolutionNode = FALSE
	EndGlobalSection
	GlobalSection(ExtensibilityGlobals) = postSolution
		SolutionGuid = {F77B38B4-0AEB-453D-A579-3AF5A4449D05}
	EndGlobalSection
EndGlobal
